{
  "name": "@comm-cli-dev/exec",
  "version": "1.0.14",
  "lockfileVersion": 2,
  "requires": true,
  "packages": {
    "": {
      "name": "@comm-cli-dev/exec",
      "version": "1.0.13",
      "license": "ISC",
      "dependencies": {
        "@comm-cli-dev/log": "file:../../utils/log",
        "@comm-cli-dev/package": "file:../../modules/package",
        "@comm-cli-dev/utils": "file:../../utils/utils"
      }
    },
    "../../modules/package": {
      "name": "@comm-cli-dev/package",
      "version": "1.0.13",
      "license": "ISC",
      "dependencies": {
        "@comm-cli-dev/format-path": "file:../../utils/format-path",
        "@comm-cli-dev/get-npm-info": "file:../../utils/get-npm-info",
        "@comm-cli-dev/utils": "file:../../utils/utils",
        "fs-extra": "^7.0.1",
        "npminstall": "^4.11.0",
        "path-exists": "^4.0.0"
      }
    },
    "../../utils/log": {
      "name": "@comm-cli-dev/log",
      "version": "1.0.13",
      "license": "ISC",
      "dependencies": {
        "npmlog": "^4.1.2"
      }
    },
    "../../utils/utils": {
      "name": "@comm-cli-dev/utils",
      "version": "1.0.13",
      "license": "ISC"
    },
    "node_modules/@comm-cli-dev/log": {
      "resolved": "../../utils/log",
      "link": true
    },
    "node_modules/@comm-cli-dev/package": {
      "resolved": "../../modules/package",
      "link": true
    },
    "node_modules/@comm-cli-dev/utils": {
      "resolved": "../../utils/utils",
      "link": true
    }
  },
  "dependencies": {
    "@comm-cli-dev/log": {
      "version": "file:../../utils/log",
      "requires": {
        "npmlog": "^4.1.2"
      }
    },
    "@comm-cli-dev/package": {
      "version": "file:../../modules/package",
      "requires": {
        "@comm-cli-dev/format-path": "file:../../utils/format-path",
        "@comm-cli-dev/get-npm-info": "file:../../utils/get-npm-info",
        "@comm-cli-dev/utils": "file:../../utils/utils",
        "fs-extra": "^7.0.1",
        "npminstall": "^4.11.0",
        "path-exists": "^4.0.0"
      }
    },
    "@comm-cli-dev/utils": {
      "version": "file:../../utils/utils"
    }
  }
}
